
Microsoft Visual Studio Solution File, Format Version 12.00
# Visual Studio Version 17
VisualStudioVersion = 17.5.002.0
MinimumVisualStudioVersion = 10.0.40219.1
Project("{9A19103F-16F7-4668-BE54-9A1E7A4F7556}") = "Polis", "Polis.csproj", "{7B547871-45C2-48A4-AA90-81A1DFDDE584}"
EndProject
Global
	GlobalSection(SolutionConfigurationPlatforms) = preSolution
		Debug|Any CPU = Debug|Any CPU
		Release|Any CPU = Release|Any CPU
	EndGlobalSection
	GlobalSection(ProjectConfigurationPlatforms) = postSolution
		{7B547871-45C2-48A4-AA90-81A1DFDDE584}.Debug|Any CPU.ActiveCfg = Debug|Any CPU
		{7B547871-45C2-48A4-AA90-81A1DFDDE584}.Debug|Any CPU.Build.0 = Debug|Any CPU
		{7B547871-45C2-48A4-AA90-81A1DFDDE584}.Release|Any CPU.ActiveCfg = Release|Any CPU
		{7B547871-45C2-48A4-AA90-81A1DFDDE584}.Release|Any CPU.Build.0 = Release|Any CPU
	EndGlobalSection
	GlobalSection(SolutionProperties) = preSolution
		HideSolutionNode = FALSE
	EndGlobalSection
	GlobalSection(ExtensibilityGlobals) = postSolution
		SolutionGuid = {E58987A0-F18B-469D-B20B-16E07AF007F0}
	EndGlobalSection
EndGlobal
